
Microsoft Visual Studio Solution File, Format Version 12.00
# Visual Studio Version 16
VisualStudioVersion = 16.0.31702.278
MinimumVisualStudioVersion = 10.0.40219.1
Project("{FAE04EC0-301F-11D3-BF4B-00C04F79EFBC}") = "AuthSystem", "AuthSystem\AuthSystem.csproj", "{0C050D85-363E-48DA-80E5-B4F71DE1136E}"
EndProject
Global
	GlobalSection(SolutionConfigurationPlatforms) = preSolution
		Debug|Any CPU = Debug|Any CPU
		Release|Any CPU = Release|Any CPU
	EndGlobalSection
	GlobalSection(ProjectConfigurationPlatforms) = postSolution
		{0C050D85-363E-48DA-80E5-B4F71DE1136E}.Debug|Any CPU.ActiveCfg = Debug|Any CPU
		{0C050D85-363E-48DA-80E5-B4F71DE1136E}.Debug|Any CPU.Build.0 = Debug|Any CPU
		{0C050D85-363E-48DA-80E5-B4F71DE1136E}.Release|Any CPU.ActiveCfg = Release|Any CPU
		{0C050D85-363E-48DA-80E5-B4F71DE1136E}.Release|Any CPU.Build.0 = Release|Any CPU
	EndGlobalSection
	GlobalSection(SolutionProperties) = preSolution
		HideSolutionNode = FALSE
	EndGlobalSection
	GlobalSection(ExtensibilityGlobals) = postSolution
		SolutionGuid = {107CD7A3-0AB1-43C2-B681-8A3599CFBB4C}
	EndGlobalSection
EndGlobal
