
Microsoft Visual Studio Solution File, Format Version 12.00
# Visual Studio Version 16
VisualStudioVersion = 16.0.31702.278
MinimumVisualStudioVersion = 10.0.40219.1
Project("{FAE04EC0-301F-11D3-BF4B-00C04F79EFBC}") = "messageApp", "messageApp\messageApp.csproj", "{32A14AF7-02FB-4C48-8A1B-C552F04C7A2A}"
EndProject
Global
	GlobalSection(SolutionConfigurationPlatforms) = preSolution
		Debug|Any CPU = Debug|Any CPU
		Release|Any CPU = Release|Any CPU
	EndGlobalSection
	GlobalSection(ProjectConfigurationPlatforms) = postSolution
		{32A14AF7-02FB-4C48-8A1B-C552F04C7A2A}.Debug|Any CPU.ActiveCfg = Debug|Any CPU
		{32A14AF7-02FB-4C48-8A1B-C552F04C7A2A}.Debug|Any CPU.Build.0 = Debug|Any CPU
		{32A14AF7-02FB-4C48-8A1B-C552F04C7A2A}.Release|Any CPU.ActiveCfg = Release|Any CPU
		{32A14AF7-02FB-4C48-8A1B-C552F04C7A2A}.Release|Any CPU.Build.0 = Release|Any CPU
	EndGlobalSection
	GlobalSection(SolutionProperties) = preSolution
		HideSolutionNode = FALSE
	EndGlobalSection
	GlobalSection(ExtensibilityGlobals) = postSolution
		SolutionGuid = {CD127DF2-B9F5-4299-AE6D-FC6BC42AB7B8}
	EndGlobalSection
EndGlobal
