
Microsoft Visual Studio Solution File, Format Version 12.00
# Visual Studio Version 16
VisualStudioVersion = 16.0.31702.278
MinimumVisualStudioVersion = 10.0.40219.1
Project("{FAE04EC0-301F-11D3-BF4B-00C04F79EFBC}") = "messageApp3", "messageApp3\messageApp3.csproj", "{79D9B764-6B8A-40C9-8D58-807E15D5F95F}"
EndProject
Global
	GlobalSection(SolutionConfigurationPlatforms) = preSolution
		Debug|Any CPU = Debug|Any CPU
		Release|Any CPU = Release|Any CPU
	EndGlobalSection
	GlobalSection(ProjectConfigurationPlatforms) = postSolution
		{79D9B764-6B8A-40C9-8D58-807E15D5F95F}.Debug|Any CPU.ActiveCfg = Debug|Any CPU
		{79D9B764-6B8A-40C9-8D58-807E15D5F95F}.Debug|Any CPU.Build.0 = Debug|Any CPU
		{79D9B764-6B8A-40C9-8D58-807E15D5F95F}.Release|Any CPU.ActiveCfg = Release|Any CPU
		{79D9B764-6B8A-40C9-8D58-807E15D5F95F}.Release|Any CPU.Build.0 = Release|Any CPU
	EndGlobalSection
	GlobalSection(SolutionProperties) = preSolution
		HideSolutionNode = FALSE
	EndGlobalSection
	GlobalSection(ExtensibilityGlobals) = postSolution
		SolutionGuid = {69748E4F-6752-429F-8F58-535D3C403CA9}
	EndGlobalSection
EndGlobal
